
Microsoft Visual Studio Solution File, Format Version 12.00
# Visual Studio Version 17
VisualStudioVersion = 17.10.35013.160
MinimumVisualStudioVersion = 10.0.40219.1
Project("{9A19103F-16F7-4668-BE54-9A1E7A4F7556}") = "AppelsDOffresApp", "AppelsDOffresApp\AppelsDOffresApp.csproj", "{F08417D0-1893-42E2-BD72-B1673ADC3904}"
EndProject
Global
	GlobalSection(SolutionConfigurationPlatforms) = preSolution
		Debug|Any CPU = Debug|Any CPU
		Release|Any CPU = Release|Any CPU
	EndGlobalSection
	GlobalSection(ProjectConfigurationPlatforms) = postSolution
		{F08417D0-1893-42E2-BD72-B1673ADC3904}.Debug|Any CPU.ActiveCfg = Debug|Any CPU
		{F08417D0-1893-42E2-BD72-B1673ADC3904}.Debug|Any CPU.Build.0 = Debug|Any CPU
		{F08417D0-1893-42E2-BD72-B1673ADC3904}.Release|Any CPU.ActiveCfg = Release|Any CPU
		{F08417D0-1893-42E2-BD72-B1673ADC3904}.Release|Any CPU.Build.0 = Release|Any CPU
	EndGlobalSection
	GlobalSection(SolutionProperties) = preSolution
		HideSolutionNode = FALSE
	EndGlobalSection
	GlobalSection(ExtensibilityGlobals) = postSolution
		SolutionGuid = {D7B3706C-67CF-4267-B353-9A5335CCBB9C}
	EndGlobalSection
EndGlobal
